
Microsoft Visual Studio Solution File, Format Version 12.00
# Visual Studio 15
VisualStudioVersion = 15.0.26730.16
MinimumVisualStudioVersion = 15.0.26124.0
Project("{2150E333-8FDC-42A3-9474-1A3956D46DE8}") = "src", "src", "{66F4CFDC-043A-4B21-8517-6AA2A8B7E48F}"
EndProject
Project("{9A19103F-16F7-4668-BE54-9A1E7A4F7556}") = "CreditApp.Api", "src\CreditApp.Api\CreditApp.Api.csproj", "{12B16FE8-DBB5-49D5-9BB6-F1AEE92B7C92}"
EndProject
Project("{9A19103F-16F7-4668-BE54-9A1E7A4F7556}") = "CreditApp.Web", "src\CreditApp.Web\CreditApp.Web.csproj", "{B7F19F80-1FDD-4DAF-9656-6A23212EB1ED}"
EndProject
Project("{FAE04EC0-301F-11D3-BF4B-00C04F79EFBC}") = "CreditApp.Entities", "src\CreditApp.Entities\CreditApp.Entities.csproj", "{9E9442E8-FE52-4976-8DE9-786886869EAD}"
EndProject
Project("{FAE04EC0-301F-11D3-BF4B-00C04F79EFBC}") = "CreditApp.Infrastructure", "src\CreditApp.Infrastructure\CreditApp.Infrastructure.csproj", "{C4964ECB-196A-494B-A618-B76B359E0A98}"
EndProject
Project("{9A19103F-16F7-4668-BE54-9A1E7A4F7556}") = "CreditApp.Repositories", "src\CreditApp.Repositories\CreditApp.Repositories.csproj", "{30254EE9-0428-43F9-AD87-98C7552629BF}"
EndProject
Global
	GlobalSection(SolutionConfigurationPlatforms) = preSolution
		Debug|Any CPU = Debug|Any CPU
		Debug|x64 = Debug|x64
		Debug|x86 = Debug|x86
		Release|Any CPU = Release|Any CPU
		Release|x64 = Release|x64
		Release|x86 = Release|x86
	EndGlobalSection
	GlobalSection(ProjectConfigurationPlatforms) = postSolution
		{12B16FE8-DBB5-49D5-9BB6-F1AEE92B7C92}.Debug|Any CPU.ActiveCfg = Debug|Any CPU
		{12B16FE8-DBB5-49D5-9BB6-F1AEE92B7C92}.Debug|Any CPU.Build.0 = Debug|Any CPU
		{12B16FE8-DBB5-49D5-9BB6-F1AEE92B7C92}.Debug|x64.ActiveCfg = Debug|Any CPU
		{12B16FE8-DBB5-49D5-9BB6-F1AEE92B7C92}.Debug|x64.Build.0 = Debug|Any CPU
		{12B16FE8-DBB5-49D5-9BB6-F1AEE92B7C92}.Debug|x86.ActiveCfg = Debug|Any CPU
		{12B16FE8-DBB5-49D5-9BB6-F1AEE92B7C92}.Debug|x86.Build.0 = Debug|Any CPU
		{12B16FE8-DBB5-49D5-9BB6-F1AEE92B7C92}.Release|Any CPU.ActiveCfg = Release|Any CPU
		{12B16FE8-DBB5-49D5-9BB6-F1AEE92B7C92}.Release|Any CPU.Build.0 = Release|Any CPU
		{12B16FE8-DBB5-49D5-9BB6-F1AEE92B7C92}.Release|x64.ActiveCfg = Release|Any CPU
		{12B16FE8-DBB5-49D5-9BB6-F1AEE92B7C92}.Release|x64.Build.0 = Release|Any CPU
		{12B16FE8-DBB5-49D5-9BB6-F1AEE92B7C92}.Release|x86.ActiveCfg = Release|Any CPU
		{12B16FE8-DBB5-49D5-9BB6-F1AEE92B7C92}.Release|x86.Build.0 = Release|Any CPU
		{B7F19F80-1FDD-4DAF-9656-6A23212EB1ED}.Debug|Any CPU.ActiveCfg = Debug|Any CPU
		{B7F19F80-1FDD-4DAF-9656-6A23212EB1ED}.Debug|Any CPU.Build.0 = Debug|Any CPU
		{B7F19F80-1FDD-4DAF-9656-6A23212EB1ED}.Debug|x64.ActiveCfg = Debug|Any CPU
		{B7F19F80-1FDD-4DAF-9656-6A23212EB1ED}.Debug|x64.Build.0 = Debug|Any CPU
		{B7F19F80-1FDD-4DAF-9656-6A23212EB1ED}.Debug|x86.ActiveCfg = Debug|Any CPU
		{B7F19F80-1FDD-4DAF-9656-6A23212EB1ED}.Debug|x86.Build.0 = Debug|Any CPU
		{B7F19F80-1FDD-4DAF-9656-6A23212EB1ED}.Release|Any CPU.ActiveCfg = Release|Any CPU
		{B7F19F80-1FDD-4DAF-9656-6A23212EB1ED}.Release|Any CPU.Build.0 = Release|Any CPU
		{B7F19F80-1FDD-4DAF-9656-6A23212EB1ED}.Release|x64.ActiveCfg = Release|Any CPU
		{B7F19F80-1FDD-4DAF-9656-6A23212EB1ED}.Release|x64.Build.0 = Release|Any CPU
		{B7F19F80-1FDD-4DAF-9656-6A23212EB1ED}.Release|x86.ActiveCfg = Release|Any CPU
		{B7F19F80-1FDD-4DAF-9656-6A23212EB1ED}.Release|x86.Build.0 = Release|Any CPU
		{9E9442E8-FE52-4976-8DE9-786886869EAD}.Debug|Any CPU.ActiveCfg = Debug|Any CPU
		{9E9442E8-FE52-4976-8DE9-786886869EAD}.Debug|Any CPU.Build.0 = Debug|Any CPU
		{9E9442E8-FE52-4976-8DE9-786886869EAD}.Debug|x64.ActiveCfg = Debug|Any CPU
		{9E9442E8-FE52-4976-8DE9-786886869EAD}.Debug|x64.Build.0 = Debug|Any CPU
		{9E9442E8-FE52-4976-8DE9-786886869EAD}.Debug|x86.ActiveCfg = Debug|Any CPU
		{9E9442E8-FE52-4976-8DE9-786886869EAD}.Debug|x86.Build.0 = Debug|Any CPU
		{9E9442E8-FE52-4976-8DE9-786886869EAD}.Release|Any CPU.ActiveCfg = Release|Any CPU
		{9E9442E8-FE52-4976-8DE9-786886869EAD}.Release|Any CPU.Build.0 = Release|Any CPU
		{9E9442E8-FE52-4976-8DE9-786886869EAD}.Release|x64.ActiveCfg = Release|Any CPU
		{9E9442E8-FE52-4976-8DE9-786886869EAD}.Release|x64.Build.0 = Release|Any CPU
		{9E9442E8-FE52-4976-8DE9-786886869EAD}.Release|x86.ActiveCfg = Release|Any CPU
		{9E9442E8-FE52-4976-8DE9-786886869EAD}.Release|x86.Build.0 = Release|Any CPU
		{C4964ECB-196A-494B-A618-B76B359E0A98}.Debug|Any CPU.ActiveCfg = Debug|Any CPU
		{C4964ECB-196A-494B-A618-B76B359E0A98}.Debug|Any CPU.Build.0 = Debug|Any CPU
		{C4964ECB-196A-494B-A618-B76B359E0A98}.Debug|x64.ActiveCfg = Debug|Any CPU
		{C4964ECB-196A-494B-A618-B76B359E0A98}.Debug|x64.Build.0 = Debug|Any CPU
		{C4964ECB-196A-494B-A618-B76B359E0A98}.Debug|x86.ActiveCfg = Debug|Any CPU
		{C4964ECB-196A-494B-A618-B76B359E0A98}.Debug|x86.Build.0 = Debug|Any CPU
		{C4964ECB-196A-494B-A618-B76B359E0A98}.Release|Any CPU.ActiveCfg = Release|Any CPU
		{C4964ECB-196A-494B-A618-B76B359E0A98}.Release|Any CPU.Build.0 = Release|Any CPU
		{C4964ECB-196A-494B-A618-B76B359E0A98}.Release|x64.ActiveCfg = Release|Any CPU
		{C4964ECB-196A-494B-A618-B76B359E0A98}.Release|x64.Build.0 = Release|Any CPU
		{C4964ECB-196A-494B-A618-B76B359E0A98}.Release|x86.ActiveCfg = Release|Any CPU
		{C4964ECB-196A-494B-A618-B76B359E0A98}.Release|x86.Build.0 = Release|Any CPU
		{30254EE9-0428-43F9-AD87-98C7552629BF}.Debug|Any CPU.ActiveCfg = Debug|Any CPU
		{30254EE9-0428-43F9-AD87-98C7552629BF}.Debug|Any CPU.Build.0 = Debug|Any CPU
		{30254EE9-0428-43F9-AD87-98C7552629BF}.Debug|x64.ActiveCfg = Debug|Any CPU
		{30254EE9-0428-43F9-AD87-98C7552629BF}.Debug|x64.Build.0 = Debug|Any CPU
		{30254EE9-0428-43F9-AD87-98C7552629BF}.Debug|x86.ActiveCfg = Debug|Any CPU
		{30254EE9-0428-43F9-AD87-98C7552629BF}.Debug|x86.Build.0 = Debug|Any CPU
		{30254EE9-0428-43F9-AD87-98C7552629BF}.Release|Any CPU.ActiveCfg = Release|Any CPU
		{30254EE9-0428-43F9-AD87-98C7552629BF}.Release|Any CPU.Build.0 = Release|Any CPU
		{30254EE9-0428-43F9-AD87-98C7552629BF}.Release|x64.ActiveCfg = Release|Any CPU
		{30254EE9-0428-43F9-AD87-98C7552629BF}.Release|x64.Build.0 = Release|Any CPU
		{30254EE9-0428-43F9-AD87-98C7552629BF}.Release|x86.ActiveCfg = Release|Any CPU
		{30254EE9-0428-43F9-AD87-98C7552629BF}.Release|x86.Build.0 = Release|Any CPU
	EndGlobalSection
	GlobalSection(SolutionProperties) = preSolution
		HideSolutionNode = FALSE
	EndGlobalSection
	GlobalSection(NestedProjects) = preSolution
		{12B16FE8-DBB5-49D5-9BB6-F1AEE92B7C92} = {66F4CFDC-043A-4B21-8517-6AA2A8B7E48F}
		{B7F19F80-1FDD-4DAF-9656-6A23212EB1ED} = {66F4CFDC-043A-4B21-8517-6AA2A8B7E48F}
		{9E9442E8-FE52-4976-8DE9-786886869EAD} = {66F4CFDC-043A-4B21-8517-6AA2A8B7E48F}
		{C4964ECB-196A-494B-A618-B76B359E0A98} = {66F4CFDC-043A-4B21-8517-6AA2A8B7E48F}
		{30254EE9-0428-43F9-AD87-98C7552629BF} = {66F4CFDC-043A-4B21-8517-6AA2A8B7E48F}
	EndGlobalSection
	GlobalSection(ExtensibilityGlobals) = postSolution
		SolutionGuid = {D21D6371-EC36-4F8A-8ADF-5EF5E4061085}
	EndGlobalSection
EndGlobal
